
Microsoft Visual Studio Solution File, Format Version 12.00
# Visual Studio Version 17
VisualStudioVersion = 17.8.34330.188
MinimumVisualStudioVersion = 10.0.40219.1
Project("{FAE04EC0-301F-11D3-BF4B-00C04F79EFBC}") = "WebApplication1", "WebApplication1\WebApplication1.csproj", "{510E22B8-218F-4104-9DB2-24C12D10B347}"
EndProject
Global
	GlobalSection(SolutionConfigurationPlatforms) = preSolution
		Debug|Any CPU = Debug|Any CPU
		Release|Any CPU = Release|Any CPU
	EndGlobalSection
	GlobalSection(ProjectConfigurationPlatforms) = postSolution
		{510E22B8-218F-4104-9DB2-24C12D10B347}.Debug|Any CPU.ActiveCfg = Debug|Any CPU
		{510E22B8-218F-4104-9DB2-24C12D10B347}.Debug|Any CPU.Build.0 = Debug|Any CPU
		{510E22B8-218F-4104-9DB2-24C12D10B347}.Release|Any CPU.ActiveCfg = Release|Any CPU
		{510E22B8-218F-4104-9DB2-24C12D10B347}.Release|Any CPU.Build.0 = Release|Any CPU
	EndGlobalSection
	GlobalSection(SolutionProperties) = preSolution
		HideSolutionNode = FALSE
	EndGlobalSection
	GlobalSection(ExtensibilityGlobals) = postSolution
		SolutionGuid = {242AEA59-8765-4E83-B9EE-BAAD38351FB0}
	EndGlobalSection
EndGlobal
